<?xml version="1.0" encoding="utf-8"?>
<Project ToolsVersion="4.0" xmlns="http://schemas.microsoft.com/developer/msbuild/2003">
  <ItemGroup>
    <ClCompile Include="Address.cpp" />
    <ClCompile Include="Checkout.cpp" />
    <ClCompile Include="Client.cpp" />
    <ClCompile Include="ProductShelve.cpp" />
    <ClCompile Include="products\catch_config.cpp" />
    <ClCompile Include="Employees\Cashier.cpp" />
    <ClCompile Include="Employees\Employee.cpp" />
    <ClCompile Include="Employees\EmployeeAlreadyExistsException.cpp" />
    <ClCompile Include="Employees\EmployeeDoesNotExistException.cpp" />
    <ClCompile Include="Employees\Manager.cpp" />
    <ClCompile Include="Employees\SalaryError.cpp" />
    <ClCompile Include="Employees\SecurityGuard.cpp" />
    <ClCompile Include="Employees\testEMP.cpp" />
    <ClCompile Include="Employees\Warehouseman.cpp" />
    <ClCompile Include="Employees\WorkingHoursError.cpp" />
    <ClCompile Include="Employees\Person.cpp" />
    <ClCompile Include="FileReadError.cpp" />
    <ClCompile Include="products\BarcodeNotUniqueException.cpp" />
    <ClCompile Include="products\DataBase.cpp" />
    <ClCompile Include="products\Friut.cpp" />
    <ClCompile Include="products\Juice.cpp" />
    <ClCompile Include="products\Meat.cpp" />
    <ClCompile Include="products\NegativeCaloriesException.cpp" />
    <ClCompile Include="products\NegativePriceException.cpp" />
    <ClCompile Include="products\Product.cpp" />
    <ClCompile Include="products\ProductNotFoundException.cpp" />
    <ClCompile Include="products\testPRD.cpp" />
    <ClCompile Include="products\Whiskey.cpp" />
    <ClCompile Include="main.cpp" />
    <ClCompile Include="Employees\RegisterCashiers.cpp" />
    <ClCompile Include="Employees\RegisterWarehouseman.cpp" />
    <ClCompile Include="RNG.cpp" />
    <ClCompile Include="FileReader.cpp" />
    <ClCompile Include="Supermarket.cpp" />
  </ItemGroup>
  <ItemGroup>
    <ClInclude Include="Address.h" />
    <ClInclude Include="Checkout.h" />
    <ClInclude Include="Client.h" />
    <ClInclude Include="Employees\Cashier.h" />
    <ClInclude Include="Employees\catch.hpp" />
    <ClInclude Include="Employees\Employee.h" />
    <ClInclude Include="Employees\EmployeeAlreadyExistsException.h" />
    <ClInclude Include="Employees\EmployeeDoesNotExistException.h" />
    <ClInclude Include="Employees\Manager.h" />
    <ClInclude Include="Employees\SalaryError.h" />
    <ClInclude Include="Employees\SecurityGuard.h" />
    <ClInclude Include="Employees\Warehouseman.h" />
    <ClInclude Include="Employees\WorkingHoursError.h" />
    <ClInclude Include="Employees\Person.h" />
    <ClInclude Include="FileReadError.h" />
    <ClInclude Include="ProductShelve.h" />
    <ClInclude Include="products\BarcodeNotUniqueException.h" />
    <ClInclude Include="products\DataBase.h" />
    <ClInclude Include="products\Friut.h" />
    <ClInclude Include="products\Juice.h" />
    <ClInclude Include="products\Meat.h" />
    <ClInclude Include="products\NegativeCaloriesException.h" />
    <ClInclude Include="products\NegativePriceException.h" />
    <ClInclude Include="products\Product.h" />
    <ClInclude Include="products\ProductNotFoundException.h" />
    <ClInclude Include="products\Whiskey.h" />
    <ClInclude Include="Employees\RegisterCashiers.h" />
    <ClInclude Include="Employees\RegisterWarehouseman.h" />
    <ClInclude Include="RNG.h" />
    <ClInclude Include="FileReader.h" />
    <ClInclude Include="Supermarket.h" />
  </ItemGroup>
  <ItemGroup>
    <Text Include="names.txt" />
    <Text Include="products.txt" />
  </ItemGroup>
</Project>